
Microsoft Visual Studio Solution File, Format Version 12.00
# Visual Studio Version 16
VisualStudioVersion = 16.0.30011.22
MinimumVisualStudioVersion = 10.0.40219.1
Project("{FAE04EC0-301F-11D3-BF4B-00C04F79EFBC}") = "PokeAPI", "PokeAPI\PokeAPI.csproj", "{F88F6E95-89A7-4C27-9DF8-330CE62272D3}"
EndProject
Global
	GlobalSection(SolutionConfigurationPlatforms) = preSolution
		Debug|Any CPU = Debug|Any CPU
		Release|Any CPU = Release|Any CPU
	EndGlobalSection
	GlobalSection(ProjectConfigurationPlatforms) = postSolution
		{F88F6E95-89A7-4C27-9DF8-330CE62272D3}.Debug|Any CPU.ActiveCfg = Debug|Any CPU
		{F88F6E95-89A7-4C27-9DF8-330CE62272D3}.Debug|Any CPU.Build.0 = Debug|Any CPU
		{F88F6E95-89A7-4C27-9DF8-330CE62272D3}.Release|Any CPU.ActiveCfg = Release|Any CPU
		{F88F6E95-89A7-4C27-9DF8-330CE62272D3}.Release|Any CPU.Build.0 = Release|Any CPU
	EndGlobalSection
	GlobalSection(SolutionProperties) = preSolution
		HideSolutionNode = FALSE
	EndGlobalSection
	GlobalSection(ExtensibilityGlobals) = postSolution
		SolutionGuid = {B55A1E07-9660-44B1-A4FC-1856D8EB51FE}
	EndGlobalSection
EndGlobal
